
Microsoft Visual Studio Solution File, Format Version 12.00
# Visual Studio Version 17
VisualStudioVersion = 17.9.34616.47
MinimumVisualStudioVersion = 10.0.40219.1
Project("{FAE04EC0-301F-11D3-BF4B-00C04F79EFBC}") = "COMP003B.Assignment", "COMP003B.Assignment\COMP003B.Assignment.csproj", "{E8D0C39D-A3B1-4BAD-877F-DDE5D6DCBF7E}"
EndProject
Global
	GlobalSection(SolutionConfigurationPlatforms) = preSolution
		Debug|Any CPU = Debug|Any CPU
		Release|Any CPU = Release|Any CPU
	EndGlobalSection
	GlobalSection(ProjectConfigurationPlatforms) = postSolution
		{E8D0C39D-A3B1-4BAD-877F-DDE5D6DCBF7E}.Debug|Any CPU.ActiveCfg = Debug|Any CPU
		{E8D0C39D-A3B1-4BAD-877F-DDE5D6DCBF7E}.Debug|Any CPU.Build.0 = Debug|Any CPU
		{E8D0C39D-A3B1-4BAD-877F-DDE5D6DCBF7E}.Release|Any CPU.ActiveCfg = Release|Any CPU
		{E8D0C39D-A3B1-4BAD-877F-DDE5D6DCBF7E}.Release|Any CPU.Build.0 = Release|Any CPU
	EndGlobalSection
	GlobalSection(SolutionProperties) = preSolution
		HideSolutionNode = FALSE
	EndGlobalSection
	GlobalSection(ExtensibilityGlobals) = postSolution
		SolutionGuid = {68D8D818-1D54-41DC-ABE5-EC6DBF9E8616}
	EndGlobalSection
EndGlobal
